github.com/sdnkearns/TrimmedMean v0.1.0 h1:DdFH5eW5rpfcNMk5WFHWcZHifhUG1Tr5u6Hwll23Luk=
github.com/sdnkearns/TrimmedMean v0.1.0/go.mod h1:cnvEQBtXBO2dXGBFnpdSI/LkSxRm8rnfnQCQKf9q0y8=
github.com/seehuhn/mt19937 v1.0.0 h1:r02DuVkQXfohssWZO8L/TeAlYOah7aNNubEHB/7Vtfs=
github.com/seehuhn/mt19937 v1.0.0/go.mod h1:RikyXajNu+1Gqxm4hOacc3ckyWRd0usF6IkE3gnEcAM=
